
Microsoft Visual Studio Solution File, Format Version 12.00
# Visual Studio Version 16
VisualStudioVersion = 16.0.31112.23
MinimumVisualStudioVersion = 10.0.40219.1
Project("{FAE04EC0-301F-11D3-BF4B-00C04F79EFBC}") = "WeakBulletTimer", "WeakBulletTimer\WeakBulletTimer.csproj", "{4B5AFF71-3518-4713-924B-41F81815C752}"
EndProject
Global
	GlobalSection(SolutionConfigurationPlatforms) = preSolution
		Debug|Any CPU = Debug|Any CPU
		Release|Any CPU = Release|Any CPU
	EndGlobalSection
	GlobalSection(ProjectConfigurationPlatforms) = postSolution
		{4B5AFF71-3518-4713-924B-41F81815C752}.Debug|Any CPU.ActiveCfg = Debug|Any CPU
		{4B5AFF71-3518-4713-924B-41F81815C752}.Debug|Any CPU.Build.0 = Debug|Any CPU
		{4B5AFF71-3518-4713-924B-41F81815C752}.Release|Any CPU.ActiveCfg = Release|Any CPU
		{4B5AFF71-3518-4713-924B-41F81815C752}.Release|Any CPU.Build.0 = Release|Any CPU
	EndGlobalSection
	GlobalSection(SolutionProperties) = preSolution
		HideSolutionNode = FALSE
	EndGlobalSection
	GlobalSection(ExtensibilityGlobals) = postSolution
		SolutionGuid = {A6ACA935-4888-4076-AFA3-98B65FD629E8}
	EndGlobalSection
EndGlobal
